# THIS IS AN AUTOGENERATED FILE. DO NOT EDIT THIS FILE DIRECTLY.
# yarn lockfile v1


"@types/aws-lambda@8.10.147":
  version "8.10.147"
  resolved "https://registry.yarnpkg.com/@types/aws-lambda/-/aws-lambda-8.10.147.tgz#dc5c89aa32f47a9b35e52c32630545c83afa6f2f"
  integrity sha512-nD0Z9fNIZcxYX5Mai2CTmFD7wX7UldCkW2ezCF8D1T5hdiLsnTWDGRpfRYntU6VjTdLQjOvyszru7I1c1oCQew==

aws4fetch@^1.0.18:
  version "1.0.20"
  resolved "https://registry.yarnpkg.com/aws4fetch/-/aws4fetch-1.0.20.tgz#090d6c65e32c6df645dd5e5acf04cc56da575cbe"
  integrity sha512-/djoAN709iY65ETD6LKCtyyEI04XIBP5xVvfmNxsEP0uJB5tyaGBztSryRr4HqMStr9R06PisQE7m9zDTXKu6g==

jose@5.2.3:
  version "5.2.3"
  resolved "https://registry.yarnpkg.com/jose/-/jose-5.2.3.tgz#071c87f9fe720cff741a403c8080b69bfe13164a"
  integrity sha512-KUXdbctm1uHVL8BYhnyHkgp3zDX5KW8ZhAKVFEfUbU2P8Alpzjb+48hHvjOdQIyPshoblhzsuqOwEEAbtHVirA==

jose@^4.15.4:
  version "4.15.9"
  resolved "https://registry.yarnpkg.com/jose/-/jose-4.15.9.tgz#9b68eda29e9a0614c042fa29387196c7dd800100"
  integrity sha512-1vUQX+IdDMVPj4k8kOxgUqlcK518yluMuGZwqlr44FS1ppZB/5GWh4rZG89erpOBOJjU/OBsnCVFfapsRz6nEA==

lru-cache@^6.0.0:
  version "6.0.0"
  resolved "https://registry.yarnpkg.com/lru-cache/-/lru-cache-6.0.0.tgz#6d6fe6570ebd96aaf90fcad1dafa3b2566db3a94"
  integrity sha512-Jo6dJ04CmSjuznwJSS3pUeWmd/H0ffTlkXXgwZi+eq1UCmqQwCh+eLsYOYCwY991i2Fah4h1BEMCx4qThGbsiA==
  dependencies:
    yallist "^4.0.0"

object-hash@^2.2.0:
  version "2.2.0"
  resolved "https://registry.yarnpkg.com/object-hash/-/object-hash-2.2.0.tgz#5ad518581eefc443bd763472b8ff2e9c2c0d54a5"
  integrity sha512-gScRMn0bS5fH+IuwyIFgnh9zBdo4DV+6GhygmWM9HyNJSgS0hScp1f5vjtm7oIIOiT9trXrShAkLFSc2IqKNgw==

oidc-token-hash@^5.0.3:
  version "5.0.3"
  resolved "https://registry.yarnpkg.com/oidc-token-hash/-/oidc-token-hash-5.0.3.tgz#9a229f0a1ce9d4fc89bcaee5478c97a889e7b7b6"
  integrity sha512-IF4PcGgzAr6XXSff26Sk/+P4KZFJVuHAJZj3wgO3vX2bMdNVp/QXTP3P7CEm9V1IdG8lDLY3HhiqpsE/nOwpPw==

openid-client@5.6.4:
  version "5.6.4"
  resolved "https://registry.yarnpkg.com/openid-client/-/openid-client-5.6.4.tgz#b2c25e6d5338ba3ce00e04341bb286798a196177"
  integrity sha512-T1h3B10BRPKfcObdBklX639tVz+xh34O7GjofqrqiAQdm7eHsQ00ih18x6wuJ/E6FxdtS2u3FmUGPDeEcMwzNA==
  dependencies:
    jose "^4.15.4"
    lru-cache "^6.0.0"
    object-hash "^2.2.0"
    oidc-token-hash "^5.0.3"

sst-darwin-arm64@3.4.54:
  version "3.4.54"
  resolved "https://registry.yarnpkg.com/sst-darwin-arm64/-/sst-darwin-arm64-3.4.54.tgz#ff1e186867eb066471b04735ddd24a16d280e8ff"
  integrity sha512-SwA18aYU+LMAs1nGQScWuwHvr6eVCMhO/SJkyzFPulJmvGoDBAy7+kSK3AU00EbEnlwMDLB7ukJIIejeMV6wOQ==

sst-darwin-x64@3.4.54:
  version "3.4.54"
  resolved "https://registry.yarnpkg.com/sst-darwin-x64/-/sst-darwin-x64-3.4.54.tgz#34e307e6f6195203ab7ae7836cf3d6ad9b015344"
  integrity sha512-8VxkrdfOrWPE6CQSWe4ZSDCcsxOZSj+SfPLo0xgVsZ/fxCOPVEctYDVBPh7jc3sx54etsfQvcLECr2czHPJ9Rg==

sst-linux-arm64@3.4.54:
  version "3.4.54"
  resolved "https://registry.yarnpkg.com/sst-linux-arm64/-/sst-linux-arm64-3.4.54.tgz#d0f9df79f9d05721eac35886a04efdc8e8a3cffa"
  integrity sha512-59go0YijVqh4bjBW6+vEBwhJ/JGc0mUshsbHDEgjyh1F66RNatDIhEg1xtZdZibTFtPO1Y5pQfg+EIjFvD8YSA==

sst-linux-x64@3.4.54:
  version "3.4.54"
  resolved "https://registry.yarnpkg.com/sst-linux-x64/-/sst-linux-x64-3.4.54.tgz#81e65223f1ee7960ba93b5c28af66e412f5a4a2d"
  integrity sha512-1QSavq0lQpsvUTVgAt94InlLZCo94PJlkGrJI3tJXIh66hSXmWChR82LlCAUabQp2Bf6S9tnJjwV2oQUAUMcGA==

sst-linux-x86@3.4.54:
  version "3.4.54"
  resolved "https://registry.yarnpkg.com/sst-linux-x86/-/sst-linux-x86-3.4.54.tgz#0babb5029fc3e0e160dab026f82bf02e8a6888bd"
  integrity sha512-9zVdlIl49DKRbAaphIJdlpqyXlgbBgx2Ba9xdwULbGAXK63L+BGzfC5fRdrxyoLh5zwRTVEnDfVGQ4GoLNcFJw==

sst@3.4.54:
  version "3.4.54"
  resolved "https://registry.yarnpkg.com/sst/-/sst-3.4.54.tgz#93befe0f4d0a2c5a25d5559315eb9a9e2b56c515"
  integrity sha512-h/78StjjDyoTg7ikQW4Kqljcx6utaHgMl2Is6ZEWpNYo1iZmSUxEZ/vQGQrYVZmAbm/CjeQlSv0yqqD6MHDDMw==
  dependencies:
    aws4fetch "^1.0.18"
    jose "5.2.3"
    openid-client "5.6.4"
  optionalDependencies:
    sst-darwin-arm64 "3.4.54"
    sst-darwin-x64 "3.4.54"
    sst-linux-arm64 "3.4.54"
    sst-linux-x64 "3.4.54"
    sst-linux-x86 "3.4.54"

yallist@^4.0.0:
  version "4.0.0"
  resolved "https://registry.yarnpkg.com/yallist/-/yallist-4.0.0.tgz#9bb92790d9c0effec63be73519e11a35019a3a72"
  integrity sha512-3wdGidZyq5PB084XLES5TpOSRA3wjXAlIWMhum2kRcv/41Sn2emQ0dycQW4uZXLejwKvg6EsvbdlVL+FYEct7A==
